
Microsoft Visual Studio Solution File, Format Version 12.00
# Visual Studio 2012
Project("{FAE04EC0-301F-11D3-BF4B-00C04F79EFBC}") = "LoveEveryDay", "LoveEveryDay\LoveEveryDay.csproj", "{C52C1B14-E305-4F44-9BD1-9C534EFE8D9F}"
EndProject
Project("{FAE04EC0-301F-11D3-BF4B-00C04F79EFBC}") = "library", "library\library.csproj", "{A9D42803-39C1-4BCD-969A-19AC0BCC09C7}"
EndProject
Project("{2150E333-8FDC-42A3-9474-1A3956D46DE8}") = "类库", "类库", "{4A9E3AA5-3707-437E-A220-8411B8A63F4F}"
EndProject
Project("{FAE04EC0-301F-11D3-BF4B-00C04F79EFBC}") = "FrameworkOfGoodMan", "类库\FrameworkOfGoodMan\FrameworkOfGoodMan.csproj", "{227C7871-7D2C-4737-8242-A112D736D02B}"
EndProject
Project("{FAE04EC0-301F-11D3-BF4B-00C04F79EFBC}") = "TestConsole", "类库\Test\TestConsole.csproj", "{6BF6DBDD-3359-4B78-A24A-534A2EDE5562}"
EndProject
Project("{FAE04EC0-301F-11D3-BF4B-00C04F79EFBC}") = "TestWebForm", "类库\TestWeb\TestWebForm.csproj", "{24AA0B0C-4C62-4083-9CE4-4F0562259189}"
EndProject
Project("{FAE04EC0-301F-11D3-BF4B-00C04F79EFBC}") = "TestWinForm", "类库\TestForm\TestWinForm.csproj", "{579C11A3-6173-42C0-A39F-6B2761FE8F84}"
EndProject
Project("{2150E333-8FDC-42A3-9474-1A3956D46DE8}") = "设计模式", "设计模式", "{A1C8ACE7-07D3-413C-8F41-71DFE0CB0B96}"
EndProject
Project("{FAE04EC0-301F-11D3-BF4B-00C04F79EFBC}") = "Design", "设计模式\Design\Design.csproj", "{6C6FA165-89B6-41BF-B7DE-95E8552AD4F0}"
EndProject
Project("{FAE04EC0-301F-11D3-BF4B-00C04F79EFBC}") = "DesignMethod", "设计模式\DesignMethod\DesignMethod.csproj", "{EADD02C1-97D4-469F-8C33-B52F289CB603}"
EndProject
Project("{2150E333-8FDC-42A3-9474-1A3956D46DE8}") = "我整理的", "我整理的", "{0FE9D91D-67C5-4BA3-AFF3-1948708F7ADA}"
EndProject
Project("{FAE04EC0-301F-11D3-BF4B-00C04F79EFBC}") = "Design", "设计模式\我的整理\Design\Design\Design.csproj", "{0CC48E41-5A9D-46C9-81AC-313B45F1B4A9}"
EndProject
Project("{FAE04EC0-301F-11D3-BF4B-00C04F79EFBC}") = "DesignMethod", "设计模式\我的整理\DesignMethod\DesignMethod.csproj", "{9C07DDC2-C55A-44FB-BDE3-2EB2944D3BCA}"
EndProject
Project("{2150E333-8FDC-42A3-9474-1A3956D46DE8}") = "01 Common 基础结构层", "01 Common 基础结构层", "{4E0FD9D7-D6CC-4A97-A85F-F03917FF9F2E}"
EndProject
Project("{FAE04EC0-301F-11D3-BF4B-00C04F79EFBC}") = "WK.Code", "01 Common 基础结构层\WK.Code\WK.Code.csproj", "{BB719759-977C-4ED6-A8E9-40A180DF5A4A}"
EndProject
Project("{FAE04EC0-301F-11D3-BF4B-00C04F79EFBC}") = "WK.Data", "01 Common 基础结构层\WK.Data\WK.Data.csproj", "{8461276E-E874-409D-9385-EDDE57D4A582}"
EndProject
Project("{2150E333-8FDC-42A3-9474-1A3956D46DE8}") = "04 Web 应用程序", "04 Web 应用程序", "{8A142446-57B3-4F1C-8F17-74E02539D24B}"
EndProject
Project("{FAE04EC0-301F-11D3-BF4B-00C04F79EFBC}") = "WK.Web", "04 Web 应用程序\WK.Web\WK.Web.csproj", "{7DC28153-BEAA-4BD6-BB39-980A014C7904}"
EndProject
Project("{2150E333-8FDC-42A3-9474-1A3956D46DE8}") = "测试", "测试", "{C59543EF-FDDA-4D7A-AB75-27328D796B58}"
EndProject
Project("{FAE04EC0-301F-11D3-BF4B-00C04F79EFBC}") = "MongoDB", "类库\MongoDB\MongoDB.csproj", "{B125BBA6-BFFD-44FA-9254-9B1754CD8AF3}"
EndProject
Project("{FAE04EC0-301F-11D3-BF4B-00C04F79EFBC}") = "Mongo.Test", "测试\Mongo.Test\Mongo.Test.csproj", "{F5A05B89-BAF5-4CC1-AC3B-242E383F64CA}"
EndProject
Project("{FAE04EC0-301F-11D3-BF4B-00C04F79EFBC}") = "Dapper.Test", "测试\Dapper.Test\Dapper.Test.csproj", "{08CED64C-634E-4387-8B42-4C0F1739AC1E}"
EndProject
Global
	GlobalSection(SolutionConfigurationPlatforms) = preSolution
		Debug|Any CPU = Debug|Any CPU
		Release|Any CPU = Release|Any CPU
	EndGlobalSection
	GlobalSection(ProjectConfigurationPlatforms) = postSolution
		{C52C1B14-E305-4F44-9BD1-9C534EFE8D9F}.Debug|Any CPU.ActiveCfg = Debug|Any CPU
		{C52C1B14-E305-4F44-9BD1-9C534EFE8D9F}.Debug|Any CPU.Build.0 = Debug|Any CPU
		{C52C1B14-E305-4F44-9BD1-9C534EFE8D9F}.Release|Any CPU.ActiveCfg = Release|Any CPU
		{C52C1B14-E305-4F44-9BD1-9C534EFE8D9F}.Release|Any CPU.Build.0 = Release|Any CPU
		{A9D42803-39C1-4BCD-969A-19AC0BCC09C7}.Debug|Any CPU.ActiveCfg = Debug|Any CPU
		{A9D42803-39C1-4BCD-969A-19AC0BCC09C7}.Debug|Any CPU.Build.0 = Debug|Any CPU
		{A9D42803-39C1-4BCD-969A-19AC0BCC09C7}.Release|Any CPU.ActiveCfg = Release|Any CPU
		{A9D42803-39C1-4BCD-969A-19AC0BCC09C7}.Release|Any CPU.Build.0 = Release|Any CPU
		{227C7871-7D2C-4737-8242-A112D736D02B}.Debug|Any CPU.ActiveCfg = Debug|Any CPU
		{227C7871-7D2C-4737-8242-A112D736D02B}.Debug|Any CPU.Build.0 = Debug|Any CPU
		{227C7871-7D2C-4737-8242-A112D736D02B}.Release|Any CPU.ActiveCfg = Release|Any CPU
		{227C7871-7D2C-4737-8242-A112D736D02B}.Release|Any CPU.Build.0 = Release|Any CPU
		{6BF6DBDD-3359-4B78-A24A-534A2EDE5562}.Debug|Any CPU.ActiveCfg = Debug|Any CPU
		{6BF6DBDD-3359-4B78-A24A-534A2EDE5562}.Debug|Any CPU.Build.0 = Debug|Any CPU
		{6BF6DBDD-3359-4B78-A24A-534A2EDE5562}.Release|Any CPU.ActiveCfg = Release|Any CPU
		{6BF6DBDD-3359-4B78-A24A-534A2EDE5562}.Release|Any CPU.Build.0 = Release|Any CPU
		{24AA0B0C-4C62-4083-9CE4-4F0562259189}.Debug|Any CPU.ActiveCfg = Debug|Any CPU
		{24AA0B0C-4C62-4083-9CE4-4F0562259189}.Debug|Any CPU.Build.0 = Debug|Any CPU
		{24AA0B0C-4C62-4083-9CE4-4F0562259189}.Release|Any CPU.ActiveCfg = Release|Any CPU
		{24AA0B0C-4C62-4083-9CE4-4F0562259189}.Release|Any CPU.Build.0 = Release|Any CPU
		{579C11A3-6173-42C0-A39F-6B2761FE8F84}.Debug|Any CPU.ActiveCfg = Debug|Any CPU
		{579C11A3-6173-42C0-A39F-6B2761FE8F84}.Debug|Any CPU.Build.0 = Debug|Any CPU
		{579C11A3-6173-42C0-A39F-6B2761FE8F84}.Release|Any CPU.ActiveCfg = Release|Any CPU
		{579C11A3-6173-42C0-A39F-6B2761FE8F84}.Release|Any CPU.Build.0 = Release|Any CPU
		{6C6FA165-89B6-41BF-B7DE-95E8552AD4F0}.Debug|Any CPU.ActiveCfg = Debug|Any CPU
		{6C6FA165-89B6-41BF-B7DE-95E8552AD4F0}.Debug|Any CPU.Build.0 = Debug|Any CPU
		{6C6FA165-89B6-41BF-B7DE-95E8552AD4F0}.Release|Any CPU.ActiveCfg = Release|Any CPU
		{6C6FA165-89B6-41BF-B7DE-95E8552AD4F0}.Release|Any CPU.Build.0 = Release|Any CPU
		{EADD02C1-97D4-469F-8C33-B52F289CB603}.Debug|Any CPU.ActiveCfg = Debug|Any CPU
		{EADD02C1-97D4-469F-8C33-B52F289CB603}.Debug|Any CPU.Build.0 = Debug|Any CPU
		{EADD02C1-97D4-469F-8C33-B52F289CB603}.Release|Any CPU.ActiveCfg = Release|Any CPU
		{EADD02C1-97D4-469F-8C33-B52F289CB603}.Release|Any CPU.Build.0 = Release|Any CPU
		{0CC48E41-5A9D-46C9-81AC-313B45F1B4A9}.Debug|Any CPU.ActiveCfg = Debug|Any CPU
		{0CC48E41-5A9D-46C9-81AC-313B45F1B4A9}.Debug|Any CPU.Build.0 = Debug|Any CPU
		{0CC48E41-5A9D-46C9-81AC-313B45F1B4A9}.Release|Any CPU.ActiveCfg = Release|Any CPU
		{0CC48E41-5A9D-46C9-81AC-313B45F1B4A9}.Release|Any CPU.Build.0 = Release|Any CPU
		{9C07DDC2-C55A-44FB-BDE3-2EB2944D3BCA}.Debug|Any CPU.ActiveCfg = Debug|Any CPU
		{9C07DDC2-C55A-44FB-BDE3-2EB2944D3BCA}.Debug|Any CPU.Build.0 = Debug|Any CPU
		{9C07DDC2-C55A-44FB-BDE3-2EB2944D3BCA}.Release|Any CPU.ActiveCfg = Release|Any CPU
		{9C07DDC2-C55A-44FB-BDE3-2EB2944D3BCA}.Release|Any CPU.Build.0 = Release|Any CPU
		{BB719759-977C-4ED6-A8E9-40A180DF5A4A}.Debug|Any CPU.ActiveCfg = Debug|Any CPU
		{BB719759-977C-4ED6-A8E9-40A180DF5A4A}.Debug|Any CPU.Build.0 = Debug|Any CPU
		{BB719759-977C-4ED6-A8E9-40A180DF5A4A}.Release|Any CPU.ActiveCfg = Release|Any CPU
		{BB719759-977C-4ED6-A8E9-40A180DF5A4A}.Release|Any CPU.Build.0 = Release|Any CPU
		{8461276E-E874-409D-9385-EDDE57D4A582}.Debug|Any CPU.ActiveCfg = Debug|Any CPU
		{8461276E-E874-409D-9385-EDDE57D4A582}.Debug|Any CPU.Build.0 = Debug|Any CPU
		{8461276E-E874-409D-9385-EDDE57D4A582}.Release|Any CPU.ActiveCfg = Release|Any CPU
		{8461276E-E874-409D-9385-EDDE57D4A582}.Release|Any CPU.Build.0 = Release|Any CPU
		{7DC28153-BEAA-4BD6-BB39-980A014C7904}.Debug|Any CPU.ActiveCfg = Debug|Any CPU
		{7DC28153-BEAA-4BD6-BB39-980A014C7904}.Debug|Any CPU.Build.0 = Debug|Any CPU
		{7DC28153-BEAA-4BD6-BB39-980A014C7904}.Release|Any CPU.ActiveCfg = Release|Any CPU
		{7DC28153-BEAA-4BD6-BB39-980A014C7904}.Release|Any CPU.Build.0 = Release|Any CPU
		{B125BBA6-BFFD-44FA-9254-9B1754CD8AF3}.Debug|Any CPU.ActiveCfg = Debug|Any CPU
		{B125BBA6-BFFD-44FA-9254-9B1754CD8AF3}.Debug|Any CPU.Build.0 = Debug|Any CPU
		{B125BBA6-BFFD-44FA-9254-9B1754CD8AF3}.Release|Any CPU.ActiveCfg = Release|Any CPU
		{B125BBA6-BFFD-44FA-9254-9B1754CD8AF3}.Release|Any CPU.Build.0 = Release|Any CPU
		{F5A05B89-BAF5-4CC1-AC3B-242E383F64CA}.Debug|Any CPU.ActiveCfg = Debug|Any CPU
		{F5A05B89-BAF5-4CC1-AC3B-242E383F64CA}.Debug|Any CPU.Build.0 = Debug|Any CPU
		{F5A05B89-BAF5-4CC1-AC3B-242E383F64CA}.Release|Any CPU.ActiveCfg = Release|Any CPU
		{F5A05B89-BAF5-4CC1-AC3B-242E383F64CA}.Release|Any CPU.Build.0 = Release|Any CPU
		{08CED64C-634E-4387-8B42-4C0F1739AC1E}.Debug|Any CPU.ActiveCfg = Debug|Any CPU
		{08CED64C-634E-4387-8B42-4C0F1739AC1E}.Debug|Any CPU.Build.0 = Debug|Any CPU
		{08CED64C-634E-4387-8B42-4C0F1739AC1E}.Release|Any CPU.ActiveCfg = Release|Any CPU
		{08CED64C-634E-4387-8B42-4C0F1739AC1E}.Release|Any CPU.Build.0 = Release|Any CPU
	EndGlobalSection
	GlobalSection(SolutionProperties) = preSolution
		HideSolutionNode = FALSE
	EndGlobalSection
	GlobalSection(NestedProjects) = preSolution
		{227C7871-7D2C-4737-8242-A112D736D02B} = {4A9E3AA5-3707-437E-A220-8411B8A63F4F}
		{6BF6DBDD-3359-4B78-A24A-534A2EDE5562} = {4A9E3AA5-3707-437E-A220-8411B8A63F4F}
		{24AA0B0C-4C62-4083-9CE4-4F0562259189} = {4A9E3AA5-3707-437E-A220-8411B8A63F4F}
		{579C11A3-6173-42C0-A39F-6B2761FE8F84} = {4A9E3AA5-3707-437E-A220-8411B8A63F4F}
		{B125BBA6-BFFD-44FA-9254-9B1754CD8AF3} = {4A9E3AA5-3707-437E-A220-8411B8A63F4F}
		{6C6FA165-89B6-41BF-B7DE-95E8552AD4F0} = {A1C8ACE7-07D3-413C-8F41-71DFE0CB0B96}
		{EADD02C1-97D4-469F-8C33-B52F289CB603} = {A1C8ACE7-07D3-413C-8F41-71DFE0CB0B96}
		{0FE9D91D-67C5-4BA3-AFF3-1948708F7ADA} = {A1C8ACE7-07D3-413C-8F41-71DFE0CB0B96}
		{0CC48E41-5A9D-46C9-81AC-313B45F1B4A9} = {0FE9D91D-67C5-4BA3-AFF3-1948708F7ADA}
		{9C07DDC2-C55A-44FB-BDE3-2EB2944D3BCA} = {0FE9D91D-67C5-4BA3-AFF3-1948708F7ADA}
		{BB719759-977C-4ED6-A8E9-40A180DF5A4A} = {4E0FD9D7-D6CC-4A97-A85F-F03917FF9F2E}
		{8461276E-E874-409D-9385-EDDE57D4A582} = {4E0FD9D7-D6CC-4A97-A85F-F03917FF9F2E}
		{7DC28153-BEAA-4BD6-BB39-980A014C7904} = {8A142446-57B3-4F1C-8F17-74E02539D24B}
		{F5A05B89-BAF5-4CC1-AC3B-242E383F64CA} = {C59543EF-FDDA-4D7A-AB75-27328D796B58}
		{08CED64C-634E-4387-8B42-4C0F1739AC1E} = {C59543EF-FDDA-4D7A-AB75-27328D796B58}
	EndGlobalSection
EndGlobal
