
Microsoft Visual Studio Solution File, Format Version 12.00
# Visual Studio 2012
Project("{FAE04EC0-301F-11D3-BF4B-00C04F79EFBC}") = "LoveEveryDay", "LoveEveryDay\LoveEveryDay.csproj", "{C52C1B14-E305-4F44-9BD1-9C534EFE8D9F}"
EndProject
Project("{FAE04EC0-301F-11D3-BF4B-00C04F79EFBC}") = "library", "library\library.csproj", "{A9D42803-39C1-4BCD-969A-19AC0BCC09C7}"
EndProject
Global
	GlobalSection(SolutionConfigurationPlatforms) = preSolution
		Debug|Any CPU = Debug|Any CPU
		Release|Any CPU = Release|Any CPU
	EndGlobalSection
	GlobalSection(ProjectConfigurationPlatforms) = postSolution
		{C52C1B14-E305-4F44-9BD1-9C534EFE8D9F}.Debug|Any CPU.ActiveCfg = Debug|Any CPU
		{C52C1B14-E305-4F44-9BD1-9C534EFE8D9F}.Debug|Any CPU.Build.0 = Debug|Any CPU
		{C52C1B14-E305-4F44-9BD1-9C534EFE8D9F}.Release|Any CPU.ActiveCfg = Release|Any CPU
		{C52C1B14-E305-4F44-9BD1-9C534EFE8D9F}.Release|Any CPU.Build.0 = Release|Any CPU
		{A9D42803-39C1-4BCD-969A-19AC0BCC09C7}.Debug|Any CPU.ActiveCfg = Debug|Any CPU
		{A9D42803-39C1-4BCD-969A-19AC0BCC09C7}.Debug|Any CPU.Build.0 = Debug|Any CPU
		{A9D42803-39C1-4BCD-969A-19AC0BCC09C7}.Release|Any CPU.ActiveCfg = Release|Any CPU
		{A9D42803-39C1-4BCD-969A-19AC0BCC09C7}.Release|Any CPU.Build.0 = Release|Any CPU
	EndGlobalSection
	GlobalSection(SolutionProperties) = preSolution
		HideSolutionNode = FALSE
	EndGlobalSection
EndGlobal
